
Microsoft Visual Studio Solution File, Format Version 12.00
# Visual Studio Version 17
VisualStudioVersion = 17.9.34902.65
MinimumVisualStudioVersion = 10.0.40219.1
Project("{FAE04EC0-301F-11D3-BF4B-00C04F79EFBC}") = "E2E", "E2E.csproj", "{A304B820-A48F-4E16-BEAD-64D645C3DE4A}"
EndProject
Global
	GlobalSection(SolutionConfigurationPlatforms) = preSolution
		Debug|Any CPU = Debug|Any CPU
		Release|Any CPU = Release|Any CPU
	EndGlobalSection
	GlobalSection(ProjectConfigurationPlatforms) = postSolution
		{A304B820-A48F-4E16-BEAD-64D645C3DE4A}.Debug|Any CPU.ActiveCfg = Debug|Any CPU
		{A304B820-A48F-4E16-BEAD-64D645C3DE4A}.Debug|Any CPU.Build.0 = Debug|Any CPU
		{A304B820-A48F-4E16-BEAD-64D645C3DE4A}.Release|Any CPU.ActiveCfg = Release|Any CPU
		{A304B820-A48F-4E16-BEAD-64D645C3DE4A}.Release|Any CPU.Build.0 = Release|Any CPU
	EndGlobalSection
	GlobalSection(SolutionProperties) = preSolution
		HideSolutionNode = FALSE
	EndGlobalSection
	GlobalSection(ExtensibilityGlobals) = postSolution
		SolutionGuid = {BB318F2D-A346-4542-9A52-64425280B2DA}
	EndGlobalSection
EndGlobal
